
Microsoft Visual Studio Solution File, Format Version 12.00
# Visual Studio 15
VisualStudioVersion = 15.0.27703.2047
MinimumVisualStudioVersion = 10.0.40219.1
Project("{FAE04EC0-301F-11D3-BF4B-00C04F79EFBC}") = "Entidades", "Entidades\Entidades.csproj", "{941824B5-4E7F-4444-A69F-92EA57EEF9D4}"
EndProject
Project("{FAE04EC0-301F-11D3-BF4B-00C04F79EFBC}") = "Test", "Test2\Test.csproj", "{D3213225-5403-4655-935E-45A24BA82963}"
EndProject
Global
	GlobalSection(SolutionConfigurationPlatforms) = preSolution
		Debug|Any CPU = Debug|Any CPU
		Release|Any CPU = Release|Any CPU
	EndGlobalSection
	GlobalSection(ProjectConfigurationPlatforms) = postSolution
		{941824B5-4E7F-4444-A69F-92EA57EEF9D4}.Debug|Any CPU.ActiveCfg = Debug|Any CPU
		{941824B5-4E7F-4444-A69F-92EA57EEF9D4}.Debug|Any CPU.Build.0 = Debug|Any CPU
		{941824B5-4E7F-4444-A69F-92EA57EEF9D4}.Release|Any CPU.ActiveCfg = Release|Any CPU
		{941824B5-4E7F-4444-A69F-92EA57EEF9D4}.Release|Any CPU.Build.0 = Release|Any CPU
		{D3213225-5403-4655-935E-45A24BA82963}.Debug|Any CPU.ActiveCfg = Debug|Any CPU
		{D3213225-5403-4655-935E-45A24BA82963}.Debug|Any CPU.Build.0 = Debug|Any CPU
		{D3213225-5403-4655-935E-45A24BA82963}.Release|Any CPU.ActiveCfg = Release|Any CPU
		{D3213225-5403-4655-935E-45A24BA82963}.Release|Any CPU.Build.0 = Release|Any CPU
	EndGlobalSection
	GlobalSection(SolutionProperties) = preSolution
		HideSolutionNode = FALSE
	EndGlobalSection
	GlobalSection(ExtensibilityGlobals) = postSolution
		SolutionGuid = {FD811EF3-FF29-4177-82FC-A758AA8E87A9}
	EndGlobalSection
EndGlobal
