
Microsoft Visual Studio Solution File, Format Version 12.00
# Visual Studio 15
VisualStudioVersion = 15.0.27703.2047
MinimumVisualStudioVersion = 10.0.40219.1
Project("{FAE04EC0-301F-11D3-BF4B-00C04F79EFBC}") = "Entidades", "Entidades\Entidades.csproj", "{F2845F66-6BCD-4E66-A761-86857B91017A}"
EndProject
Project("{FAE04EC0-301F-11D3-BF4B-00C04F79EFBC}") = "Test", "Test\Test.csproj", "{043EEF0D-DDB2-4933-A951-2B0F63373314}"
EndProject
Global
	GlobalSection(SolutionConfigurationPlatforms) = preSolution
		Debug|Any CPU = Debug|Any CPU
		Release|Any CPU = Release|Any CPU
	EndGlobalSection
	GlobalSection(ProjectConfigurationPlatforms) = postSolution
		{F2845F66-6BCD-4E66-A761-86857B91017A}.Debug|Any CPU.ActiveCfg = Debug|Any CPU
		{F2845F66-6BCD-4E66-A761-86857B91017A}.Debug|Any CPU.Build.0 = Debug|Any CPU
		{F2845F66-6BCD-4E66-A761-86857B91017A}.Release|Any CPU.ActiveCfg = Release|Any CPU
		{F2845F66-6BCD-4E66-A761-86857B91017A}.Release|Any CPU.Build.0 = Release|Any CPU
		{043EEF0D-DDB2-4933-A951-2B0F63373314}.Debug|Any CPU.ActiveCfg = Debug|Any CPU
		{043EEF0D-DDB2-4933-A951-2B0F63373314}.Debug|Any CPU.Build.0 = Debug|Any CPU
		{043EEF0D-DDB2-4933-A951-2B0F63373314}.Release|Any CPU.ActiveCfg = Release|Any CPU
		{043EEF0D-DDB2-4933-A951-2B0F63373314}.Release|Any CPU.Build.0 = Release|Any CPU
	EndGlobalSection
	GlobalSection(SolutionProperties) = preSolution
		HideSolutionNode = FALSE
	EndGlobalSection
	GlobalSection(ExtensibilityGlobals) = postSolution
		SolutionGuid = {A456EDF3-6B70-4B61-A29A-C69F48370520}
	EndGlobalSection
EndGlobal
